
Microsoft Visual Studio Solution File, Format Version 12.00
# Visual Studio Version 17
VisualStudioVersion = 17.9.34728.123
MinimumVisualStudioVersion = 10.0.40219.1
Project("{FAE04EC0-301F-11D3-BF4B-00C04F79EFBC}") = "WebApi", "WEBAPI\WebApi.csproj", "{E6435E25-4110-48C0-8A82-62EF1BEFE60D}"
EndProject
Project("{FAE04EC0-301F-11D3-BF4B-00C04F79EFBC}") = "Main", "Main\Main.csproj", "{C765899C-08AF-4292-AB03-3EE1F8DC5194}"
EndProject
Project("{FAE04EC0-301F-11D3-BF4B-00C04F79EFBC}") = "Core", "Core\Core.csproj", "{DCA9CA20-C19D-4D82-B3AF-318E361982D2}"
EndProject
Global
	GlobalSection(SolutionConfigurationPlatforms) = preSolution
		Debug|Any CPU = Debug|Any CPU
		Release|Any CPU = Release|Any CPU
	EndGlobalSection
	GlobalSection(ProjectConfigurationPlatforms) = postSolution
		{E6435E25-4110-48C0-8A82-62EF1BEFE60D}.Debug|Any CPU.ActiveCfg = Debug|Any CPU
		{E6435E25-4110-48C0-8A82-62EF1BEFE60D}.Debug|Any CPU.Build.0 = Debug|Any CPU
		{E6435E25-4110-48C0-8A82-62EF1BEFE60D}.Release|Any CPU.ActiveCfg = Release|Any CPU
		{E6435E25-4110-48C0-8A82-62EF1BEFE60D}.Release|Any CPU.Build.0 = Release|Any CPU
		{C765899C-08AF-4292-AB03-3EE1F8DC5194}.Debug|Any CPU.ActiveCfg = Debug|Any CPU
		{C765899C-08AF-4292-AB03-3EE1F8DC5194}.Debug|Any CPU.Build.0 = Debug|Any CPU
		{C765899C-08AF-4292-AB03-3EE1F8DC5194}.Release|Any CPU.ActiveCfg = Release|Any CPU
		{C765899C-08AF-4292-AB03-3EE1F8DC5194}.Release|Any CPU.Build.0 = Release|Any CPU
		{DCA9CA20-C19D-4D82-B3AF-318E361982D2}.Debug|Any CPU.ActiveCfg = Debug|Any CPU
		{DCA9CA20-C19D-4D82-B3AF-318E361982D2}.Debug|Any CPU.Build.0 = Debug|Any CPU
		{DCA9CA20-C19D-4D82-B3AF-318E361982D2}.Release|Any CPU.ActiveCfg = Release|Any CPU
		{DCA9CA20-C19D-4D82-B3AF-318E361982D2}.Release|Any CPU.Build.0 = Release|Any CPU
	EndGlobalSection
	GlobalSection(SolutionProperties) = preSolution
		HideSolutionNode = FALSE
	EndGlobalSection
	GlobalSection(ExtensibilityGlobals) = postSolution
		SolutionGuid = {D4F8C114-531D-4A14-AEF1-E29CB56C0CCB}
	EndGlobalSection
EndGlobal
